
Microsoft Visual Studio Solution File, Format Version 12.00
# Visual Studio 15
VisualStudioVersion = 15.0.26730.12
MinimumVisualStudioVersion = 10.0.40219.1
Project("{FAE04EC0-301F-11D3-BF4B-00C04F79EFBC}") = "DisasterDataPull", "DisasterDataPull\DisasterDataPull.csproj", "{67FA6EC0-FD3C-45DF-8DB2-68AC389C6633}"
EndProject
Global
	GlobalSection(SolutionConfigurationPlatforms) = preSolution
		Debug|Any CPU = Debug|Any CPU
		Release|Any CPU = Release|Any CPU
	EndGlobalSection
	GlobalSection(ProjectConfigurationPlatforms) = postSolution
		{67FA6EC0-FD3C-45DF-8DB2-68AC389C6633}.Debug|Any CPU.ActiveCfg = Debug|Any CPU
		{67FA6EC0-FD3C-45DF-8DB2-68AC389C6633}.Debug|Any CPU.Build.0 = Debug|Any CPU
		{67FA6EC0-FD3C-45DF-8DB2-68AC389C6633}.Release|Any CPU.ActiveCfg = Release|Any CPU
		{67FA6EC0-FD3C-45DF-8DB2-68AC389C6633}.Release|Any CPU.Build.0 = Release|Any CPU
	EndGlobalSection
	GlobalSection(SolutionProperties) = preSolution
		HideSolutionNode = FALSE
	EndGlobalSection
	GlobalSection(ExtensibilityGlobals) = postSolution
		SolutionGuid = {6CFFA8DC-34DA-413F-81AF-AC26ED69D109}
	EndGlobalSection
EndGlobal
